
Microsoft Visual Studio Solution File, Format Version 12.00
# Visual Studio 14
VisualStudioVersion = 14.0.25420.1
MinimumVisualStudioVersion = 10.0.40219.1
Project("{FAE04EC0-301F-11D3-BF4B-00C04F79EFBC}") = "Sample101", "Sample101\Sample101.csproj", "{A6A14A0E-0328-46E2-AD5C-F649B7F50CCA}"
EndProject
Global
	GlobalSection(SolutionConfigurationPlatforms) = preSolution
		Debug|Any CPU = Debug|Any CPU
		Release|Any CPU = Release|Any CPU
	EndGlobalSection
	GlobalSection(ProjectConfigurationPlatforms) = postSolution
		{A6A14A0E-0328-46E2-AD5C-F649B7F50CCA}.Debug|Any CPU.ActiveCfg = Debug|Any CPU
		{A6A14A0E-0328-46E2-AD5C-F649B7F50CCA}.Debug|Any CPU.Build.0 = Debug|Any CPU
		{A6A14A0E-0328-46E2-AD5C-F649B7F50CCA}.Release|Any CPU.ActiveCfg = Release|Any CPU
		{A6A14A0E-0328-46E2-AD5C-F649B7F50CCA}.Release|Any CPU.Build.0 = Release|Any CPU
	EndGlobalSection
	GlobalSection(SolutionProperties) = preSolution
		HideSolutionNode = FALSE
	EndGlobalSection
EndGlobal
